
Microsoft Visual Studio Solution File, Format Version 12.00
# Visual Studio Version 17
VisualStudioVersion = 17.6.33723.286
MinimumVisualStudioVersion = 10.0.40219.1
Project("{FAE04EC0-301F-11D3-BF4B-00C04F79EFBC}") = "MusicPlayer", "MusicPlayer\MusicPlayer.csproj", "{EE0181D8-EA9C-4D42-9E89-916A9EC7DECB}"
EndProject
Global
	GlobalSection(SolutionConfigurationPlatforms) = preSolution
		Debug|Any CPU = Debug|Any CPU
		Release|Any CPU = Release|Any CPU
	EndGlobalSection
	GlobalSection(ProjectConfigurationPlatforms) = postSolution
		{EE0181D8-EA9C-4D42-9E89-916A9EC7DECB}.Debug|Any CPU.ActiveCfg = Debug|Any CPU
		{EE0181D8-EA9C-4D42-9E89-916A9EC7DECB}.Debug|Any CPU.Build.0 = Debug|Any CPU
		{EE0181D8-EA9C-4D42-9E89-916A9EC7DECB}.Release|Any CPU.ActiveCfg = Release|Any CPU
		{EE0181D8-EA9C-4D42-9E89-916A9EC7DECB}.Release|Any CPU.Build.0 = Release|Any CPU
	EndGlobalSection
	GlobalSection(SolutionProperties) = preSolution
		HideSolutionNode = FALSE
	EndGlobalSection
	GlobalSection(ExtensibilityGlobals) = postSolution
		SolutionGuid = {50C9D136-0F3A-468B-8408-227A903B014D}
	EndGlobalSection
EndGlobal
